
Microsoft Visual Studio Solution File, Format Version 12.00
# Visual Studio Version 17
VisualStudioVersion = 17.3.32929.385
MinimumVisualStudioVersion = 10.0.40219.1
Project("{FAE04EC0-301F-11D3-BF4B-00C04F79EFBC}") = "PTCL_Editor", "PTCL_Editor\PTCL_Editor.csproj", "{CC6E04FB-0D35-47CD-9C68-9FDED43A1E63}"
EndProject
Project("{FAE04EC0-301F-11D3-BF4B-00C04F79EFBC}") = "PTCL_Library", "PTCL_Library\PTCL_Library.csproj", "{18D97B7F-81BE-4D52-9092-707CF787BC49}"
EndProject
Global
	GlobalSection(SolutionConfigurationPlatforms) = preSolution
		Debug|Any CPU = Debug|Any CPU
		Release|Any CPU = Release|Any CPU
	EndGlobalSection
	GlobalSection(ProjectConfigurationPlatforms) = postSolution
		{CC6E04FB-0D35-47CD-9C68-9FDED43A1E63}.Debug|Any CPU.ActiveCfg = Debug|Any CPU
		{CC6E04FB-0D35-47CD-9C68-9FDED43A1E63}.Debug|Any CPU.Build.0 = Debug|Any CPU
		{CC6E04FB-0D35-47CD-9C68-9FDED43A1E63}.Release|Any CPU.ActiveCfg = Release|Any CPU
		{CC6E04FB-0D35-47CD-9C68-9FDED43A1E63}.Release|Any CPU.Build.0 = Release|Any CPU
		{18D97B7F-81BE-4D52-9092-707CF787BC49}.Debug|Any CPU.ActiveCfg = Debug|Any CPU
		{18D97B7F-81BE-4D52-9092-707CF787BC49}.Debug|Any CPU.Build.0 = Debug|Any CPU
		{18D97B7F-81BE-4D52-9092-707CF787BC49}.Release|Any CPU.ActiveCfg = Release|Any CPU
		{18D97B7F-81BE-4D52-9092-707CF787BC49}.Release|Any CPU.Build.0 = Release|Any CPU
	EndGlobalSection
	GlobalSection(SolutionProperties) = preSolution
		HideSolutionNode = FALSE
	EndGlobalSection
	GlobalSection(ExtensibilityGlobals) = postSolution
		SolutionGuid = {7538AF4B-2C80-4105-AD04-AE7782EFF811}
	EndGlobalSection
EndGlobal
